
Microsoft Visual Studio Solution File, Format Version 12.00
# Visual Studio Version 17
VisualStudioVersion = 17.8.34330.188
MinimumVisualStudioVersion = 10.0.40219.1
Project("{FAE04EC0-301F-11D3-BF4B-00C04F79EFBC}") = "1114 - Senha Fixa", "1114 - Senha Fixa\1114 - Senha Fixa.csproj", "{9DE71F89-C6D9-4C85-A1FA-F3D05CB8D381}"
EndProject
Global
	GlobalSection(SolutionConfigurationPlatforms) = preSolution
		Debug|Any CPU = Debug|Any CPU
		Release|Any CPU = Release|Any CPU
	EndGlobalSection
	GlobalSection(ProjectConfigurationPlatforms) = postSolution
		{9DE71F89-C6D9-4C85-A1FA-F3D05CB8D381}.Debug|Any CPU.ActiveCfg = Debug|Any CPU
		{9DE71F89-C6D9-4C85-A1FA-F3D05CB8D381}.Debug|Any CPU.Build.0 = Debug|Any CPU
		{9DE71F89-C6D9-4C85-A1FA-F3D05CB8D381}.Release|Any CPU.ActiveCfg = Release|Any CPU
		{9DE71F89-C6D9-4C85-A1FA-F3D05CB8D381}.Release|Any CPU.Build.0 = Release|Any CPU
	EndGlobalSection
	GlobalSection(SolutionProperties) = preSolution
		HideSolutionNode = FALSE
	EndGlobalSection
	GlobalSection(ExtensibilityGlobals) = postSolution
		SolutionGuid = {49D12158-D5EA-4986-8529-325379362A87}
	EndGlobalSection
EndGlobal
